// !$*UTF8*$!
{
	archiveVersion = 1;
	classes = {
	};
	objectVersion = 56;
	objects = {

/* Begin PBXBuildFile section */
		483769B62C1735D0009D061E /* GreenViewController.swift in Sources */ = {isa = PBXBuildFile; fileRef = 483769B52C1735D0009D061E /* GreenViewController.swift */; };
		483769B82C1735F3009D061E /* IndigoViewController.swift in Sources */ = {isa = PBXBuildFile; fileRef = 483769B72C1735F3009D061E /* IndigoViewController.swift */; };
		4873733F2C1715D3009E89B9 /* TodoViewController.swift in Sources */ = {isa = PBXBuildFile; fileRef = 4873733E2C1715D3009E89B9 /* TodoViewController.swift */; };
		4878FE5A2C15DA7600E5C81A /* MyTableViewController.swift in Sources */ = {isa = PBXBuildFile; fileRef = 4878FE592C15DA7600E5C81A /* MyTableViewController.swift */; };
		48927F582C15CCEB007603FE /* MyViewController.swift in Sources */ = {isa = PBXBuildFile; fileRef = 48927F572C15CCEB007603FE /* MyViewController.swift */; };
		48947EA02C15AF0C006BBAAC /* AppDelegate.swift in Sources */ = {isa = PBXBuildFile; fileRef = 48947E9F2C15AF0C006BBAAC /* AppDelegate.swift */; };
		48947EA22C15AF0C006BBAAC /* SceneDelegate.swift in Sources */ = {isa = PBXBuildFile; fileRef = 48947EA12C15AF0C006BBAAC /* SceneDelegate.swift */; };
		48947EA42C15AF0C006BBAAC /* ViewController.swift in Sources */ = {isa = PBXBuildFile; fileRef = 48947EA32C15AF0C006BBAAC /* ViewController.swift */; };
		48947EA72C15AF0C006BBAAC /* Base in Resources */ = {isa = PBXBuildFile; fileRef = 48947EA62C15AF0C006BBAAC /* Base */; };
		48947EA92C15AF0C006BBAAC /* Assets.xcassets in Resources */ = {isa = PBXBuildFile; fileRef = 48947EA82C15AF0C006BBAAC /* Assets.xcassets */; };
		48947EAC2C15AF0C006BBAAC /* Base in Resources */ = {isa = PBXBuildFile; fileRef = 48947EAB2C15AF0C006BBAAC /* Base */; };
/* End PBXBuildFile section */

/* Begin PBXFileReference section */
		483769B52C1735D0009D061E /* GreenViewController.swift */ = {isa = PBXFileReference; lastKnownFileType = sourcecode.swift; path = GreenViewController.swift; sourceTree = "<group>"; };
		483769B72C1735F3009D061E /* IndigoViewController.swift */ = {isa = PBXFileReference; lastKnownFileType = sourcecode.swift; path = IndigoViewController.swift; sourceTree = "<group>"; };
		4873733E2C1715D3009E89B9 /* TodoViewController.swift */ = {isa = PBXFileReference; lastKnownFileType = sourcecode.swift; path = TodoViewController.swift; sourceTree = "<group>"; };
		4878FE592C15DA7600E5C81A /* MyTableViewController.swift */ = {isa = PBXFileReference; lastKnownFileType = sourcecode.swift; path = MyTableViewController.swift; sourceTree = "<group>"; };
		48927F572C15CCEB007603FE /* MyViewController.swift */ = {isa = PBXFileReference; lastKnownFileType = sourcecode.swift; path = MyViewController.swift; sourceTree = "<group>"; };
		48947E9C2C15AF0C006BBAAC /* MyUIKit.app */ = {isa = PBXFileReference; explicitFileType = wrapper.application; includeInIndex = 0; path = MyUIKit.app; sourceTree = BUILT_PRODUCTS_DIR; };
		48947E9F2C15AF0C006BBAAC /* AppDelegate.swift */ = {isa = PBXFileReference; lastKnownFileType = sourcecode.swift; path = AppDelegate.swift; sourceTree = "<group>"; };
		48947EA12C15AF0C006BBAAC /* SceneDelegate.swift */ = {isa = PBXFileReference; lastKnownFileType = sourcecode.swift; path = SceneDelegate.swift; sourceTree = "<group>"; };
		48947EA32C15AF0C006BBAAC /* ViewController.swift */ = {isa = PBXFileReference; lastKnownFileType = sourcecode.swift; path = ViewController.swift; sourceTree = "<group>"; };
		48947EA62C15AF0C006BBAAC /* Base */ = {isa = PBXFileReference; lastKnownFileType = file.storyboard; name = Base; path = Base.lproj/Main.storyboard; sourceTree = "<group>"; };
		48947EA82C15AF0C006BBAAC /* Assets.xcassets */ = {isa = PBXFileReference; lastKnownFileType = folder.assetcatalog; path = Assets.xcassets; sourceTree = "<group>"; };
		48947EAB2C15AF0C006BBAAC /* Base */ = {isa = PBXFileReference; lastKnownFileType = file.storyboard; name = Base; path = Base.lproj/LaunchScreen.storyboard; sourceTree = "<group>"; };
		48947EAD2C15AF0C006BBAAC /* Info.plist */ = {isa = PBXFileReference; lastKnownFileType = text.plist.xml; path = Info.plist; sourceTree = "<group>"; };
/* End PBXFileReference section */

/* Begin PBXFrameworksBuildPhase section */
		48947E992C15AF0C006BBAAC /* Frameworks */ = {
			isa = PBXFrameworksBuildPhase;
			buildActionMask = 2147483647;
			files = (
			);
			runOnlyForDeploymentPostprocessing = 0;
		};
/* End PBXFrameworksBuildPhase section */

/* Begin PBXGroup section */
		48947E932C15AF0C006BBAAC = {
			isa = PBXGroup;
			children = (
				48947E9E2C15AF0C006BBAAC /* MyUIKit */,
				48947E9D2C15AF0C006BBAAC /* Products */,
			);
			sourceTree = "<group>";
		};
		48947E9D2C15AF0C006BBAAC /* Products */ = {
			isa = PBXGroup;
			children = (
				48947E9C2C15AF0C006BBAAC /* MyUIKit.app */,
			);
			name = Products;
			sourceTree = "<group>";
		};
		48947E9E2C15AF0C006BBAAC /* MyUIKit */ = {
			isa = PBXGroup;
			children = (
				48947E9F2C15AF0C006BBAAC /* AppDelegate.swift */,
				48947EA12C15AF0C006BBAAC /* SceneDelegate.swift */,
				48947EA32C15AF0C006BBAAC /* ViewController.swift */,
				48947EA52C15AF0C006BBAAC /* Main.storyboard */,
				48947EA82C15AF0C006BBAAC /* Assets.xcassets */,
				48947EAA2C15AF0C006BBAAC /* LaunchScreen.storyboard */,
				48947EAD2C15AF0C006BBAAC /* Info.plist */,
				48927F572C15CCEB007603FE /* MyViewController.swift */,
				4878FE592C15DA7600E5C81A /* MyTableViewController.swift */,
				4873733E2C1715D3009E89B9 /* TodoViewController.swift */,
				483769B52C1735D0009D061E /* GreenViewController.swift */,
				483769B72C1735F3009D061E /* IndigoViewController.swift */,
			);
			path = MyUIKit;
			sourceTree = "<group>";
		};
/* End PBXGroup section */

/* Begin PBXNativeTarget section */
		48947E9B2C15AF0C006BBAAC /* MyUIKit */ = {
			isa = PBXNativeTarget;
			buildConfigurationList = 48947EB02C15AF0C006BBAAC /* Build configuration list for PBXNativeTarget "MyUIKit" */;
			buildPhases = (
				48947E982C15AF0C006BBAAC /* Sources */,
				48947E992C15AF0C006BBAAC /* Frameworks */,
				48947E9A2C15AF0C006BBAAC /* Resources */,
			);
			buildRules = (
			);
			dependencies = (
			);
			name = MyUIKit;
			productName = MyUIKit;
			productReference = 48947E9C2C15AF0C006BBAAC /* MyUIKit.app */;
			productType = "com.apple.product-type.application";
		};
/* End PBXNativeTarget section */

/* Begin PBXProject section */
		48947E942C15AF0C006BBAAC /* Project object */ = {
			isa = PBXProject;
			attributes = {
				BuildIndependentTargetsInParallel = 1;
				LastSwiftUpdateCheck = 1540;
				LastUpgradeCheck = 1540;
				TargetAttributes = {
					48947E9B2C15AF0C006BBAAC = {
						CreatedOnToolsVersion = 15.4;
					};
				};
			};
			buildConfigurationList = 48947E972C15AF0C006BBAAC /* Build configuration list for PBXProject "MyUIKit" */;
			compatibilityVersion = "Xcode 14.0";
			developmentRegion = en;
			hasScannedForEncodings = 0;
			knownRegions = (
				en,
				Base,
			);
			mainGroup = 48947E932C15AF0C006BBAAC;
			productRefGroup = 48947E9D2C15AF0C006BBAAC /* Products */;
			projectDirPath = "";
			projectRoot = "";
			targets = (
				48947E9B2C15AF0C006BBAAC /* MyUIKit */,
			);
		};
/* End PBXProject section */

/* Begin PBXResourcesBuildPhase section */
		48947E9A2C15AF0C006BBAAC /* Resources */ = {
			isa = PBXResourcesBuildPhase;
			buildActionMask = 2147483647;
			files = (
				48947EA92C15AF0C006BBAAC /* Assets.xcassets in Resources */,
				48947EAC2C15AF0C006BBAAC /* Base in Resources */,
				48947EA72C15AF0C006BBAAC /* Base in Resources */,
			);
			runOnlyForDeploymentPostprocessing = 0;
		};
/* End PBXResourcesBuildPhase section */

/* Begin PBXSourcesBuildPhase section */
		48947E982C15AF0C006BBAAC /* Sources */ = {
			isa = PBXSourcesBuildPhase;
			buildActionMask = 2147483647;
			files = (
				48947EA42C15AF0C006BBAAC /* ViewController.swift in Sources */,
				48947EA02C15AF0C006BBAAC /* AppDelegate.swift in Sources */,
				48927F582C15CCEB007603FE /* MyViewController.swift in Sources */,
				4878FE5A2C15DA7600E5C81A /* MyTableViewController.swift in Sources */,
				4873733F2C1715D3009E89B9 /* TodoViewController.swift in Sources */,
				48947EA22C15AF0C006BBAAC /* SceneDelegate.swift in Sources */,
				483769B82C1735F3009D061E /* IndigoViewController.swift in Sources */,
				483769B62C1735D0009D061E /* GreenViewController.swift in Sources */,
			);
			runOnlyForDeploymentPostprocessing = 0;
		};
/* End PBXSourcesBuildPhase section */

/* Begin PBXVariantGroup section */
		48947EA52C15AF0C006BBAAC /* Main.storyboard */ = {
			isa = PBXVariantGroup;
			children = (
				48947EA62C15AF0C006BBAAC /* Base */,
			);
			name = Main.storyboard;
			sourceTree = "<group>";
		};
		48947EAA2C15AF0C006BBAAC /* LaunchScreen.storyboard */ = {
			isa = PBXVariantGroup;
			children = (
				48947EAB2C15AF0C006BBAAC /* Base */,
			);
			name = LaunchScreen.storyboard;
			sourceTree = "<group>";
		};
/* End PBXVariantGroup section */

/* Begin XCBuildConfiguration section */
		48947EAE2C15AF0C006BBAAC /* Debug */ = {
			isa = XCBuildConfiguration;
			buildSettings = {
				ALWAYS_SEARCH_USER_PATHS = NO;
				ASSETCATALOG_COMPILER_GENERATE_SWIFT_ASSET_SYMBOL_EXTENSIONS = YES;
				CLANG_ANALYZER_NONNULL = YES;
				CLANG_ANALYZER_NUMBER_OBJECT_CONVERSION = YES_AGGRESSIVE;
				CLANG_CXX_LANGUAGE_STANDARD = "gnu++20";
				CLANG_ENABLE_MODULES = YES;
				CLANG_ENABLE_OBJC_ARC = YES;
				CLANG_ENABLE_OBJC_WEAK = YES;
				CLANG_WARN_BLOCK_CAPTURE_AUTORELEASING = YES;
				CLANG_WARN_BOOL_CONVERSION = YES;
				CLANG_WARN_COMMA = YES;
				CLANG_WARN_CONSTANT_CONVERSION = YES;
				CLANG_WARN_DEPRECATED_OBJC_IMPLEMENTATIONS = YES;
				CLANG_WARN_DIRECT_OBJC_ISA_USAGE = YES_ERROR;
				CLANG_WARN_DOCUMENTATION_COMMENTS = YES;
				CLANG_WARN_EMPTY_BODY = YES;
				CLANG_WARN_ENUM_CONVERSION = YES;
				CLANG_WARN_INFINITE_RECURSION = YES;
				CLANG_WARN_INT_CONVERSION = YES;
				CLANG_WARN_NON_LITERAL_NULL_CONVERSION = YES;
				CLANG_WARN_OBJC_IMPLICIT_RETAIN_SELF = YES;
				CLANG_WARN_OBJC_LITERAL_CONVERSION = YES;
				CLANG_WARN_OBJC_ROOT_CLASS = YES_ERROR;
				CLANG_WARN_QUOTED_INCLUDE_IN_FRAMEWORK_HEADER = YES;
				CLANG_WARN_RANGE_LOOP_ANALYSIS = YES;
				CLANG_WARN_STRICT_PROTOTYPES = YES;
				CLANG_WARN_SUSPICIOUS_MOVE = YES;
				CLANG_WARN_UNGUARDED_AVAILABILITY = YES_AGGRESSIVE;
				CLANG_WARN_UNREACHABLE_CODE = YES;
				CLANG_WARN__DUPLICATE_METHOD_MATCH = YES;
				COPY_PHASE_STRIP = NO;
				DEBUG_INFORMATION_FORMAT = dwarf;
				ENABLE_STRICT_OBJC_MSGSEND = YES;
				ENABLE_TESTABILITY = YES;
				ENABLE_USER_SCRIPT_SANDBOXING = YES;
				GCC_C_LANGUAGE_STANDARD = gnu17;
				GCC_DYNAMIC_NO_PIC = NO;
				GCC_NO_COMMON_BLOCKS = YES;
				GCC_OPTIMIZATION_LEVEL = 0;
				GCC_PREPROCESSOR_DEFINITIONS = (
					"DEBUG=1",
					"$(inherited)",
				);
				GCC_WARN_64_TO_32_BIT_CONVERSION = YES;
				GCC_WARN_ABOUT_RETURN_TYPE = YES_ERROR;
				GCC_WARN_UNDECLARED_SELECTOR = YES;
				GCC_WARN_UNINITIALIZED_AUTOS = YES_AGGRESSIVE;
				GCC_WARN_UNUSED_FUNCTION = YES;
				GCC_WARN_UNUSED_VARIABLE = YES;
				IPHONEOS_DEPLOYMENT_TARGET = 17.5;
				LOCALIZATION_PREFERS_STRING_CATALOGS = YES;
				MTL_ENABLE_DEBUG_INFO = INCLUDE_SOURCE;
				MTL_FAST_MATH = YES;
				ONLY_ACTIVE_ARCH = YES;
				SDKROOT = iphoneos;
				SWIFT_ACTIVE_COMPILATION_CONDITIONS = "DEBUG $(inherited)";
				SWIFT_OPTIMIZATION_LEVEL = "-Onone";
			};
			name = Debug;
		};
		48947EAF2C15AF0C006BBAAC /* Release */ = {
			isa = XCBuildConfiguration;
			buildSettings = {
				ALWAYS_SEARCH_USER_PATHS = NO;
				ASSETCATALOG_COMPILER_GENERATE_SWIFT_ASSET_SYMBOL_EXTENSIONS = YES;
				CLANG_ANALYZER_NONNULL = YES;
				CLANG_ANALYZER_NUMBER_OBJECT_CONVERSION = YES_AGGRESSIVE;
				CLANG_CXX_LANGUAGE_STANDARD = "gnu++20";
				CLANG_ENABLE_MODULES = YES;
				CLANG_ENABLE_OBJC_ARC = YES;
				CLANG_ENABLE_OBJC_WEAK = YES;
				CLANG_WARN_BLOCK_CAPTURE_AUTORELEASING = YES;
				CLANG_WARN_BOOL_CONVERSION = YES;
				CLANG_WARN_COMMA = YES;
				CLANG_WARN_CONSTANT_CONVERSION = YES;
				CLANG_WARN_DEPRECATED_OBJC_IMPLEMENTATIONS = YES;
				CLANG_WARN_DIRECT_OBJC_ISA_USAGE = YES_ERROR;
				CLANG_WARN_DOCUMENTATION_COMMENTS = YES;
				CLANG_WARN_EMPTY_BODY = YES;
				CLANG_WARN_ENUM_CONVERSION = YES;
				CLANG_WARN_INFINITE_RECURSION = YES;
				CLANG_WARN_INT_CONVERSION = YES;
				CLANG_WARN_NON_LITERAL_NULL_CONVERSION = YES;
				CLANG_WARN_OBJC_IMPLICIT_RETAIN_SELF = YES;
				CLANG_WARN_OBJC_LITERAL_CONVERSION = YES;
				CLANG_WARN_OBJC_ROOT_CLASS = YES_ERROR;
				CLANG_WARN_QUOTED_INCLUDE_IN_FRAMEWORK_HEADER = YES;
				CLANG_WARN_RANGE_LOOP_ANALYSIS = YES;
				CLANG_WARN_STRICT_PROTOTYPES = YES;
				CLANG_WARN_SUSPICIOUS_MOVE = YES;
				CLANG_WARN_UNGUARDED_AVAILABILITY = YES_AGGRESSIVE;
				CLANG_WARN_UNREACHABLE_CODE = YES;
				CLANG_WARN__DUPLICATE_METHOD_MATCH = YES;
				COPY_PHASE_STRIP = NO;
				DEBUG_INFORMATION_FORMAT = "dwarf-with-dsym";
				ENABLE_NS_ASSERTIONS = NO;
				ENABLE_STRICT_OBJC_MSGSEND = YES;
				ENABLE_USER_SCRIPT_SANDBOXING = YES;
				GCC_C_LANGUAGE_STANDARD = gnu17;
				GCC_NO_COMMON_BLOCKS = YES;
				GCC_WARN_64_TO_32_BIT_CONVERSION = YES;
				GCC_WARN_ABOUT_RETURN_TYPE = YES_ERROR;
				GCC_WARN_UNDECLARED_SELECTOR = YES;
				GCC_WARN_UNINITIALIZED_AUTOS = YES_AGGRESSIVE;
				GCC_WARN_UNUSED_FUNCTION = YES;
				GCC_WARN_UNUSED_VARIABLE = YES;
				IPHONEOS_DEPLOYMENT_TARGET = 17.5;
				LOCALIZATION_PREFERS_STRING_CATALOGS = YES;
				MTL_ENABLE_DEBUG_INFO = NO;
				MTL_FAST_MATH = YES;
				SDKROOT = iphoneos;
				SWIFT_COMPILATION_MODE = wholemodule;
				VALIDATE_PRODUCT = YES;
			};
			name = Release;
		};
		48947EB12C15AF0C006BBAAC /* Debug */ = {
			isa = XCBuildConfiguration;
			buildSettings = {
				ASSETCATALOG_COMPILER_APPICON_NAME = AppIcon;
				ASSETCATALOG_COMPILER_GLOBAL_ACCENT_COLOR_NAME = AccentColor;
				CODE_SIGN_STYLE = Automatic;
				CURRENT_PROJECT_VERSION = 1;
				DEVELOPMENT_TEAM = CPH2R74P9R;
				GENERATE_INFOPLIST_FILE = YES;
				INFOPLIST_FILE = MyUIKit/Info.plist;
				INFOPLIST_KEY_UIApplicationSupportsIndirectInputEvents = YES;
				INFOPLIST_KEY_UILaunchStoryboardName = LaunchScreen;
				INFOPLIST_KEY_UIMainStoryboardFile = Main;
				INFOPLIST_KEY_UISupportedInterfaceOrientations_iPad = "UIInterfaceOrientationPortrait UIInterfaceOrientationPortraitUpsideDown UIInterfaceOrientationLandscapeLeft UIInterfaceOrientationLandscapeRight";
				INFOPLIST_KEY_UISupportedInterfaceOrientations_iPhone = "UIInterfaceOrientationPortrait UIInterfaceOrientationLandscapeLeft UIInterfaceOrientationLandscapeRight";
				LD_RUNPATH_SEARCH_PATHS = (
					"$(inherited)",
					"@executable_path/Frameworks",
				);
				MARKETING_VERSION = 1.0;
				PRODUCT_BUNDLE_IDENTIFIER = com.fastCampus.MyUIKit;
				PRODUCT_NAME = "$(TARGET_NAME)";
				SWIFT_EMIT_LOC_STRINGS = YES;
				SWIFT_VERSION = 5.0;
				TARGETED_DEVICE_FAMILY = "1,2";
			};
			name = Debug;
		};
		48947EB22C15AF0C006BBAAC /* Release */ = {
			isa = XCBuildConfiguration;
			buildSettings = {
				ASSETCATALOG_COMPILER_APPICON_NAME = AppIcon;
				ASSETCATALOG_COMPILER_GLOBAL_ACCENT_COLOR_NAME = AccentColor;
				CODE_SIGN_STYLE = Automatic;
				CURRENT_PROJECT_VERSION = 1;
				DEVELOPMENT_TEAM = CPH2R74P9R;
				GENERATE_INFOPLIST_FILE = YES;
				INFOPLIST_FILE = MyUIKit/Info.plist;
				INFOPLIST_KEY_UIApplicationSupportsIndirectInputEvents = YES;
				INFOPLIST_KEY_UILaunchStoryboardName = LaunchScreen;
				INFOPLIST_KEY_UIMainStoryboardFile = Main;
				INFOPLIST_KEY_UISupportedInterfaceOrientations_iPad = "UIInterfaceOrientationPortrait UIInterfaceOrientationPortraitUpsideDown UIInterfaceOrientationLandscapeLeft UIInterfaceOrientationLandscapeRight";
				INFOPLIST_KEY_UISupportedInterfaceOrientations_iPhone = "UIInterfaceOrientationPortrait UIInterfaceOrientationLandscapeLeft UIInterfaceOrientationLandscapeRight";
				LD_RUNPATH_SEARCH_PATHS = (
					"$(inherited)",
					"@executable_path/Frameworks",
				);
				MARKETING_VERSION = 1.0;
				PRODUCT_BUNDLE_IDENTIFIER = com.fastCampus.MyUIKit;
				PRODUCT_NAME = "$(TARGET_NAME)";
				SWIFT_EMIT_LOC_STRINGS = YES;
				SWIFT_VERSION = 5.0;
				TARGETED_DEVICE_FAMILY = "1,2";
			};
			name = Release;
		};
/* End XCBuildConfiguration section */

/* Begin XCConfigurationList section */
		48947E972C15AF0C006BBAAC /* Build configuration list for PBXProject "MyUIKit" */ = {
			isa = XCConfigurationList;
			buildConfigurations = (
				48947EAE2C15AF0C006BBAAC /* Debug */,
				48947EAF2C15AF0C006BBAAC /* Release */,
			);
			defaultConfigurationIsVisible = 0;
			defaultConfigurationName = Release;
		};
		48947EB02C15AF0C006BBAAC /* Build configuration list for PBXNativeTarget "MyUIKit" */ = {
			isa = XCConfigurationList;
			buildConfigurations = (
				48947EB12C15AF0C006BBAAC /* Debug */,
				48947EB22C15AF0C006BBAAC /* Release */,
			);
			defaultConfigurationIsVisible = 0;
			defaultConfigurationName = Release;
		};
/* End XCConfigurationList section */
	};
	rootObject = 48947E942C15AF0C006BBAAC /* Project object */;
}
